
Microsoft Visual Studio Solution File, Format Version 12.00
# Visual Studio Version 16
VisualStudioVersion = 16.0.29509.3
MinimumVisualStudioVersion = 10.0.40219.1
Project("{FAE04EC0-301F-11D3-BF4B-00C04F79EFBC}") = "IRF_Project", "IRF_Project\IRF_Project.csproj", "{F584A843-BB62-4815-BDFB-F5C828E64AF5}"
EndProject
Global
	GlobalSection(SolutionConfigurationPlatforms) = preSolution
		Debug|Any CPU = Debug|Any CPU
		Release|Any CPU = Release|Any CPU
	EndGlobalSection
	GlobalSection(ProjectConfigurationPlatforms) = postSolution
		{F584A843-BB62-4815-BDFB-F5C828E64AF5}.Debug|Any CPU.ActiveCfg = Debug|Any CPU
		{F584A843-BB62-4815-BDFB-F5C828E64AF5}.Debug|Any CPU.Build.0 = Debug|Any CPU
		{F584A843-BB62-4815-BDFB-F5C828E64AF5}.Release|Any CPU.ActiveCfg = Release|Any CPU
		{F584A843-BB62-4815-BDFB-F5C828E64AF5}.Release|Any CPU.Build.0 = Release|Any CPU
	EndGlobalSection
	GlobalSection(SolutionProperties) = preSolution
		HideSolutionNode = FALSE
	EndGlobalSection
	GlobalSection(ExtensibilityGlobals) = postSolution
		SolutionGuid = {EE1317C7-75B3-4D3F-9590-B5F5CC07888C}
	EndGlobalSection
EndGlobal
